
Microsoft Visual Studio Solution File, Format Version 12.00
# Visual Studio Version 17
VisualStudioVersion = 17.14.36623.8 d17.14
MinimumVisualStudioVersion = 10.0.40219.1
Project("{FAE04EC0-301F-11D3-BF4B-00C04F79EFBC}") = "7-Dicitonary-exemplo", "7-Dicitonary-exemplo\7-Dicitonary-exemplo.csproj", "{6FC7BB0E-CB95-4614-8F79-9F80164F2B91}"
EndProject
Global
	GlobalSection(SolutionConfigurationPlatforms) = preSolution
		Debug|Any CPU = Debug|Any CPU
		Release|Any CPU = Release|Any CPU
	EndGlobalSection
	GlobalSection(ProjectConfigurationPlatforms) = postSolution
		{6FC7BB0E-CB95-4614-8F79-9F80164F2B91}.Debug|Any CPU.ActiveCfg = Debug|Any CPU
		{6FC7BB0E-CB95-4614-8F79-9F80164F2B91}.Debug|Any CPU.Build.0 = Debug|Any CPU
		{6FC7BB0E-CB95-4614-8F79-9F80164F2B91}.Release|Any CPU.ActiveCfg = Release|Any CPU
		{6FC7BB0E-CB95-4614-8F79-9F80164F2B91}.Release|Any CPU.Build.0 = Release|Any CPU
	EndGlobalSection
	GlobalSection(SolutionProperties) = preSolution
		HideSolutionNode = FALSE
	EndGlobalSection
	GlobalSection(ExtensibilityGlobals) = postSolution
		SolutionGuid = {4E09C192-9654-4111-A966-CE4BA9861B4E}
	EndGlobalSection
EndGlobal
