
Microsoft Visual Studio Solution File, Format Version 12.00
# Visual Studio Version 17
VisualStudioVersion = 17.14.36616.10 d17.14
MinimumVisualStudioVersion = 10.0.40219.1
Project("{FAE04EC0-301F-11D3-BF4B-00C04F79EFBC}") = "10-arrays-sort", "10-arrays-sort\10-arrays-sort.csproj", "{818113FC-5688-4C54-BCC3-CCD2CB5C65EA}"
EndProject
Global
	GlobalSection(SolutionConfigurationPlatforms) = preSolution
		Debug|Any CPU = Debug|Any CPU
		Release|Any CPU = Release|Any CPU
	EndGlobalSection
	GlobalSection(ProjectConfigurationPlatforms) = postSolution
		{818113FC-5688-4C54-BCC3-CCD2CB5C65EA}.Debug|Any CPU.ActiveCfg = Debug|Any CPU
		{818113FC-5688-4C54-BCC3-CCD2CB5C65EA}.Debug|Any CPU.Build.0 = Debug|Any CPU
		{818113FC-5688-4C54-BCC3-CCD2CB5C65EA}.Release|Any CPU.ActiveCfg = Release|Any CPU
		{818113FC-5688-4C54-BCC3-CCD2CB5C65EA}.Release|Any CPU.Build.0 = Release|Any CPU
	EndGlobalSection
	GlobalSection(SolutionProperties) = preSolution
		HideSolutionNode = FALSE
	EndGlobalSection
	GlobalSection(ExtensibilityGlobals) = postSolution
		SolutionGuid = {33966E8F-56EF-49F8-8DC5-8F2AC0DFC5F5}
	EndGlobalSection
EndGlobal
