
Microsoft Visual Studio Solution File, Format Version 12.00
# Visual Studio Version 17
VisualStudioVersion = 17.14.36616.10 d17.14
MinimumVisualStudioVersion = 10.0.40219.1
Project("{FAE04EC0-301F-11D3-BF4B-00C04F79EFBC}") = "13-argumento-por-valor-e-referencia", "13-argumento-por-valor-e-referencia\13-argumento-por-valor-e-referencia.csproj", "{A5BCA7C0-1ECA-45FD-9538-6C87811F79DF}"
EndProject
Global
	GlobalSection(SolutionConfigurationPlatforms) = preSolution
		Debug|Any CPU = Debug|Any CPU
		Release|Any CPU = Release|Any CPU
	EndGlobalSection
	GlobalSection(ProjectConfigurationPlatforms) = postSolution
		{A5BCA7C0-1ECA-45FD-9538-6C87811F79DF}.Debug|Any CPU.ActiveCfg = Debug|Any CPU
		{A5BCA7C0-1ECA-45FD-9538-6C87811F79DF}.Debug|Any CPU.Build.0 = Debug|Any CPU
		{A5BCA7C0-1ECA-45FD-9538-6C87811F79DF}.Release|Any CPU.ActiveCfg = Release|Any CPU
		{A5BCA7C0-1ECA-45FD-9538-6C87811F79DF}.Release|Any CPU.Build.0 = Release|Any CPU
	EndGlobalSection
	GlobalSection(SolutionProperties) = preSolution
		HideSolutionNode = FALSE
	EndGlobalSection
	GlobalSection(ExtensibilityGlobals) = postSolution
		SolutionGuid = {0150D72B-30E9-485F-8642-1B7FA419E3ED}
	EndGlobalSection
EndGlobal
