
Microsoft Visual Studio Solution File, Format Version 12.00
# Visual Studio Version 17
VisualStudioVersion = 17.14.36623.8 d17.14
MinimumVisualStudioVersion = 10.0.40219.1
Project("{FAE04EC0-301F-11D3-BF4B-00C04F79EFBC}") = "9-List", "9-List\9-List.csproj", "{2F6B524D-921F-4ABA-AE46-309D631F00CE}"
EndProject
Global
	GlobalSection(SolutionConfigurationPlatforms) = preSolution
		Debug|Any CPU = Debug|Any CPU
		Release|Any CPU = Release|Any CPU
	EndGlobalSection
	GlobalSection(ProjectConfigurationPlatforms) = postSolution
		{2F6B524D-921F-4ABA-AE46-309D631F00CE}.Debug|Any CPU.ActiveCfg = Debug|Any CPU
		{2F6B524D-921F-4ABA-AE46-309D631F00CE}.Debug|Any CPU.Build.0 = Debug|Any CPU
		{2F6B524D-921F-4ABA-AE46-309D631F00CE}.Release|Any CPU.ActiveCfg = Release|Any CPU
		{2F6B524D-921F-4ABA-AE46-309D631F00CE}.Release|Any CPU.Build.0 = Release|Any CPU
	EndGlobalSection
	GlobalSection(SolutionProperties) = preSolution
		HideSolutionNode = FALSE
	EndGlobalSection
	GlobalSection(ExtensibilityGlobals) = postSolution
		SolutionGuid = {D7F4C4EB-5C29-4395-A085-301572DAAC56}
	EndGlobalSection
EndGlobal
