
Microsoft Visual Studio Solution File, Format Version 12.00
# Visual Studio Version 17
VisualStudioVersion = 17.14.36616.10 d17.14
MinimumVisualStudioVersion = 10.0.40219.1
Project("{FAE04EC0-301F-11D3-BF4B-00C04F79EFBC}") = "11-gerenciamento-de-livros", "11-gerenciamento-de-livros\11-gerenciamento-de-livros.csproj", "{33067949-AEAE-4A6B-BE30-894834E028A3}"
EndProject
Global
	GlobalSection(SolutionConfigurationPlatforms) = preSolution
		Debug|Any CPU = Debug|Any CPU
		Release|Any CPU = Release|Any CPU
	EndGlobalSection
	GlobalSection(ProjectConfigurationPlatforms) = postSolution
		{33067949-AEAE-4A6B-BE30-894834E028A3}.Debug|Any CPU.ActiveCfg = Debug|Any CPU
		{33067949-AEAE-4A6B-BE30-894834E028A3}.Debug|Any CPU.Build.0 = Debug|Any CPU
		{33067949-AEAE-4A6B-BE30-894834E028A3}.Release|Any CPU.ActiveCfg = Release|Any CPU
		{33067949-AEAE-4A6B-BE30-894834E028A3}.Release|Any CPU.Build.0 = Release|Any CPU
	EndGlobalSection
	GlobalSection(SolutionProperties) = preSolution
		HideSolutionNode = FALSE
	EndGlobalSection
	GlobalSection(ExtensibilityGlobals) = postSolution
		SolutionGuid = {4D32AEF2-AD60-4794-9270-843E1C351A26}
	EndGlobalSection
EndGlobal
