
Microsoft Visual Studio Solution File, Format Version 12.00
# Visual Studio Version 17
VisualStudioVersion = 17.14.36616.10 d17.14
MinimumVisualStudioVersion = 10.0.40219.1
Project("{FAE04EC0-301F-11D3-BF4B-00C04F79EFBC}") = "21-construtor-estatico", "21-construtor-estatico\21-construtor-estatico.csproj", "{72C106C0-8505-4152-A293-9557E196345C}"
EndProject
Global
	GlobalSection(SolutionConfigurationPlatforms) = preSolution
		Debug|Any CPU = Debug|Any CPU
		Release|Any CPU = Release|Any CPU
	EndGlobalSection
	GlobalSection(ProjectConfigurationPlatforms) = postSolution
		{72C106C0-8505-4152-A293-9557E196345C}.Debug|Any CPU.ActiveCfg = Debug|Any CPU
		{72C106C0-8505-4152-A293-9557E196345C}.Debug|Any CPU.Build.0 = Debug|Any CPU
		{72C106C0-8505-4152-A293-9557E196345C}.Release|Any CPU.ActiveCfg = Release|Any CPU
		{72C106C0-8505-4152-A293-9557E196345C}.Release|Any CPU.Build.0 = Release|Any CPU
	EndGlobalSection
	GlobalSection(SolutionProperties) = preSolution
		HideSolutionNode = FALSE
	EndGlobalSection
	GlobalSection(ExtensibilityGlobals) = postSolution
		SolutionGuid = {802DE5D9-37C4-4AC4-BDEB-2BA1A33D6DF7}
	EndGlobalSection
EndGlobal
