
Microsoft Visual Studio Solution File, Format Version 12.00
# Visual Studio Version 17
VisualStudioVersion = 17.14.36603.0 d17.14
MinimumVisualStudioVersion = 10.0.40219.1
Project("{FAE04EC0-301F-11D3-BF4B-00C04F79EFBC}") = "5-operadores", "5-operadores\5-operadores.csproj", "{B117E0EF-81BE-4FEC-B781-CDEB3DAE9967}"
EndProject
Global
	GlobalSection(SolutionConfigurationPlatforms) = preSolution
		Debug|Any CPU = Debug|Any CPU
		Release|Any CPU = Release|Any CPU
	EndGlobalSection
	GlobalSection(ProjectConfigurationPlatforms) = postSolution
		{B117E0EF-81BE-4FEC-B781-CDEB3DAE9967}.Debug|Any CPU.ActiveCfg = Debug|Any CPU
		{B117E0EF-81BE-4FEC-B781-CDEB3DAE9967}.Debug|Any CPU.Build.0 = Debug|Any CPU
		{B117E0EF-81BE-4FEC-B781-CDEB3DAE9967}.Release|Any CPU.ActiveCfg = Release|Any CPU
		{B117E0EF-81BE-4FEC-B781-CDEB3DAE9967}.Release|Any CPU.Build.0 = Release|Any CPU
	EndGlobalSection
	GlobalSection(SolutionProperties) = preSolution
		HideSolutionNode = FALSE
	EndGlobalSection
	GlobalSection(ExtensibilityGlobals) = postSolution
		SolutionGuid = {72BCB22B-827A-410C-9078-A8F691DB79F1}
	EndGlobalSection
EndGlobal
