
Microsoft Visual Studio Solution File, Format Version 12.00
# Visual Studio Version 17
VisualStudioVersion = 17.14.36623.8 d17.14
MinimumVisualStudioVersion = 10.0.40219.1
Project("{FAE04EC0-301F-11D3-BF4B-00C04F79EFBC}") = "3-cancelamento-de-tarefas", "3-cancelamento-de-tarefas\3-cancelamento-de-tarefas.csproj", "{98E35B10-B77C-44E4-8412-3CB0CEAC8E9C}"
EndProject
Global
	GlobalSection(SolutionConfigurationPlatforms) = preSolution
		Debug|Any CPU = Debug|Any CPU
		Release|Any CPU = Release|Any CPU
	EndGlobalSection
	GlobalSection(ProjectConfigurationPlatforms) = postSolution
		{98E35B10-B77C-44E4-8412-3CB0CEAC8E9C}.Debug|Any CPU.ActiveCfg = Debug|Any CPU
		{98E35B10-B77C-44E4-8412-3CB0CEAC8E9C}.Debug|Any CPU.Build.0 = Debug|Any CPU
		{98E35B10-B77C-44E4-8412-3CB0CEAC8E9C}.Release|Any CPU.ActiveCfg = Release|Any CPU
		{98E35B10-B77C-44E4-8412-3CB0CEAC8E9C}.Release|Any CPU.Build.0 = Release|Any CPU
	EndGlobalSection
	GlobalSection(SolutionProperties) = preSolution
		HideSolutionNode = FALSE
	EndGlobalSection
	GlobalSection(ExtensibilityGlobals) = postSolution
		SolutionGuid = {E6747E0D-010A-4C90-94C0-566D9A5EBD60}
	EndGlobalSection
EndGlobal
