
Microsoft Visual Studio Solution File, Format Version 12.00
# Visual Studio Version 17
VisualStudioVersion = 17.14.36623.8 d17.14
MinimumVisualStudioVersion = 10.0.40219.1
Project("{FAE04EC0-301F-11D3-BF4B-00C04F79EFBC}") = "4-exception-filter-exemplo", "4-exception-filter-exemplo\4-exception-filter-exemplo.csproj", "{AB01C497-C714-4CEE-B229-8FD8EDB09374}"
EndProject
Global
	GlobalSection(SolutionConfigurationPlatforms) = preSolution
		Debug|Any CPU = Debug|Any CPU
		Release|Any CPU = Release|Any CPU
	EndGlobalSection
	GlobalSection(ProjectConfigurationPlatforms) = postSolution
		{AB01C497-C714-4CEE-B229-8FD8EDB09374}.Debug|Any CPU.ActiveCfg = Debug|Any CPU
		{AB01C497-C714-4CEE-B229-8FD8EDB09374}.Debug|Any CPU.Build.0 = Debug|Any CPU
		{AB01C497-C714-4CEE-B229-8FD8EDB09374}.Release|Any CPU.ActiveCfg = Release|Any CPU
		{AB01C497-C714-4CEE-B229-8FD8EDB09374}.Release|Any CPU.Build.0 = Release|Any CPU
	EndGlobalSection
	GlobalSection(SolutionProperties) = preSolution
		HideSolutionNode = FALSE
	EndGlobalSection
	GlobalSection(ExtensibilityGlobals) = postSolution
		SolutionGuid = {D58634E3-F881-407E-BDBA-044BDB9F187E}
	EndGlobalSection
EndGlobal
