
Microsoft Visual Studio Solution File, Format Version 12.00
# Visual Studio Version 17
VisualStudioVersion = 17.14.36616.10 d17.14
MinimumVisualStudioVersion = 10.0.40219.1
Project("{FAE04EC0-301F-11D3-BF4B-00C04F79EFBC}") = "17-calculadora-simples", "17-calculadora-simples\17-calculadora-simples.csproj", "{0D1B0987-8803-4260-B6B8-9CCB67D92CFB}"
EndProject
Global
	GlobalSection(SolutionConfigurationPlatforms) = preSolution
		Debug|Any CPU = Debug|Any CPU
		Release|Any CPU = Release|Any CPU
	EndGlobalSection
	GlobalSection(ProjectConfigurationPlatforms) = postSolution
		{0D1B0987-8803-4260-B6B8-9CCB67D92CFB}.Debug|Any CPU.ActiveCfg = Debug|Any CPU
		{0D1B0987-8803-4260-B6B8-9CCB67D92CFB}.Debug|Any CPU.Build.0 = Debug|Any CPU
		{0D1B0987-8803-4260-B6B8-9CCB67D92CFB}.Release|Any CPU.ActiveCfg = Release|Any CPU
		{0D1B0987-8803-4260-B6B8-9CCB67D92CFB}.Release|Any CPU.Build.0 = Release|Any CPU
	EndGlobalSection
	GlobalSection(SolutionProperties) = preSolution
		HideSolutionNode = FALSE
	EndGlobalSection
	GlobalSection(ExtensibilityGlobals) = postSolution
		SolutionGuid = {9C979727-22C6-4736-BC02-CBC25109B33E}
	EndGlobalSection
EndGlobal
