
Microsoft Visual Studio Solution File, Format Version 12.00
# Visual Studio Version 17
VisualStudioVersion = 17.14.36616.10 d17.14
MinimumVisualStudioVersion = 10.0.40219.1
Project("{FAE04EC0-301F-11D3-BF4B-00C04F79EFBC}") = "18-argumentos-nomeados", "18-argumentos-nomeados\18-argumentos-nomeados.csproj", "{AB85D1C0-9EEB-4A9B-8893-5E08C2480692}"
EndProject
Global
	GlobalSection(SolutionConfigurationPlatforms) = preSolution
		Debug|Any CPU = Debug|Any CPU
		Release|Any CPU = Release|Any CPU
	EndGlobalSection
	GlobalSection(ProjectConfigurationPlatforms) = postSolution
		{AB85D1C0-9EEB-4A9B-8893-5E08C2480692}.Debug|Any CPU.ActiveCfg = Debug|Any CPU
		{AB85D1C0-9EEB-4A9B-8893-5E08C2480692}.Debug|Any CPU.Build.0 = Debug|Any CPU
		{AB85D1C0-9EEB-4A9B-8893-5E08C2480692}.Release|Any CPU.ActiveCfg = Release|Any CPU
		{AB85D1C0-9EEB-4A9B-8893-5E08C2480692}.Release|Any CPU.Build.0 = Release|Any CPU
	EndGlobalSection
	GlobalSection(SolutionProperties) = preSolution
		HideSolutionNode = FALSE
	EndGlobalSection
	GlobalSection(ExtensibilityGlobals) = postSolution
		SolutionGuid = {103A06B9-0D65-4CCA-BD04-83680E403060}
	EndGlobalSection
EndGlobal
