
Microsoft Visual Studio Solution File, Format Version 12.00
# Visual Studio Version 17
VisualStudioVersion = 17.14.36623.8 d17.14
MinimumVisualStudioVersion = 10.0.40219.1
Project("{FAE04EC0-301F-11D3-BF4B-00C04F79EFBC}") = "8-SortedDisctionary", "8-SortedDisctionary\8-SortedDisctionary.csproj", "{79115AC8-3F18-4E75-AA82-3E4BB73F47EC}"
EndProject
Global
	GlobalSection(SolutionConfigurationPlatforms) = preSolution
		Debug|Any CPU = Debug|Any CPU
		Release|Any CPU = Release|Any CPU
	EndGlobalSection
	GlobalSection(ProjectConfigurationPlatforms) = postSolution
		{79115AC8-3F18-4E75-AA82-3E4BB73F47EC}.Debug|Any CPU.ActiveCfg = Debug|Any CPU
		{79115AC8-3F18-4E75-AA82-3E4BB73F47EC}.Debug|Any CPU.Build.0 = Debug|Any CPU
		{79115AC8-3F18-4E75-AA82-3E4BB73F47EC}.Release|Any CPU.ActiveCfg = Release|Any CPU
		{79115AC8-3F18-4E75-AA82-3E4BB73F47EC}.Release|Any CPU.Build.0 = Release|Any CPU
	EndGlobalSection
	GlobalSection(SolutionProperties) = preSolution
		HideSolutionNode = FALSE
	EndGlobalSection
	GlobalSection(ExtensibilityGlobals) = postSolution
		SolutionGuid = {D2E2BD44-AA89-4E06-A724-8E2CD2D6C3C5}
	EndGlobalSection
EndGlobal
