
Microsoft Visual Studio Solution File, Format Version 12.00
# Visual Studio Version 17
VisualStudioVersion = 17.14.36623.8 d17.14
MinimumVisualStudioVersion = 10.0.40219.1
Project("{FAE04EC0-301F-11D3-BF4B-00C04F79EFBC}") = "17-agregacao", "17-agregacao\17-agregacao.csproj", "{249523D4-0BEB-47A2-A033-073FD19F3C68}"
EndProject
Global
	GlobalSection(SolutionConfigurationPlatforms) = preSolution
		Debug|Any CPU = Debug|Any CPU
		Release|Any CPU = Release|Any CPU
	EndGlobalSection
	GlobalSection(ProjectConfigurationPlatforms) = postSolution
		{249523D4-0BEB-47A2-A033-073FD19F3C68}.Debug|Any CPU.ActiveCfg = Debug|Any CPU
		{249523D4-0BEB-47A2-A033-073FD19F3C68}.Debug|Any CPU.Build.0 = Debug|Any CPU
		{249523D4-0BEB-47A2-A033-073FD19F3C68}.Release|Any CPU.ActiveCfg = Release|Any CPU
		{249523D4-0BEB-47A2-A033-073FD19F3C68}.Release|Any CPU.Build.0 = Release|Any CPU
	EndGlobalSection
	GlobalSection(SolutionProperties) = preSolution
		HideSolutionNode = FALSE
	EndGlobalSection
	GlobalSection(ExtensibilityGlobals) = postSolution
		SolutionGuid = {C79D250D-2D2A-41FA-94C6-75B919D7F905}
	EndGlobalSection
EndGlobal
