
Microsoft Visual Studio Solution File, Format Version 12.00
# Visual Studio Version 17
VisualStudioVersion = 17.14.36623.8 d17.14
MinimumVisualStudioVersion = 10.0.40219.1
Project("{FAE04EC0-301F-11D3-BF4B-00C04F79EFBC}") = "11-Stack", "11-Stack\11-Stack.csproj", "{5E116A05-4BA0-4C4A-9A59-D68AEFFF2C12}"
EndProject
Global
	GlobalSection(SolutionConfigurationPlatforms) = preSolution
		Debug|Any CPU = Debug|Any CPU
		Release|Any CPU = Release|Any CPU
	EndGlobalSection
	GlobalSection(ProjectConfigurationPlatforms) = postSolution
		{5E116A05-4BA0-4C4A-9A59-D68AEFFF2C12}.Debug|Any CPU.ActiveCfg = Debug|Any CPU
		{5E116A05-4BA0-4C4A-9A59-D68AEFFF2C12}.Debug|Any CPU.Build.0 = Debug|Any CPU
		{5E116A05-4BA0-4C4A-9A59-D68AEFFF2C12}.Release|Any CPU.ActiveCfg = Release|Any CPU
		{5E116A05-4BA0-4C4A-9A59-D68AEFFF2C12}.Release|Any CPU.Build.0 = Release|Any CPU
	EndGlobalSection
	GlobalSection(SolutionProperties) = preSolution
		HideSolutionNode = FALSE
	EndGlobalSection
	GlobalSection(ExtensibilityGlobals) = postSolution
		SolutionGuid = {F29B4273-B3C7-480A-9607-1E3DA92A4A9C}
	EndGlobalSection
EndGlobal
