
Microsoft Visual Studio Solution File, Format Version 12.00
# Visual Studio Version 17
VisualStudioVersion = 17.14.36623.8 d17.14
MinimumVisualStudioVersion = 10.0.40219.1
Project("{FAE04EC0-301F-11D3-BF4B-00C04F79EFBC}") = "1-delegates", "1-delegates\1-delegates.csproj", "{BFC5E367-A4F8-4CB6-8CFA-6F6BDF515104}"
EndProject
Global
	GlobalSection(SolutionConfigurationPlatforms) = preSolution
		Debug|Any CPU = Debug|Any CPU
		Release|Any CPU = Release|Any CPU
	EndGlobalSection
	GlobalSection(ProjectConfigurationPlatforms) = postSolution
		{BFC5E367-A4F8-4CB6-8CFA-6F6BDF515104}.Debug|Any CPU.ActiveCfg = Debug|Any CPU
		{BFC5E367-A4F8-4CB6-8CFA-6F6BDF515104}.Debug|Any CPU.Build.0 = Debug|Any CPU
		{BFC5E367-A4F8-4CB6-8CFA-6F6BDF515104}.Release|Any CPU.ActiveCfg = Release|Any CPU
		{BFC5E367-A4F8-4CB6-8CFA-6F6BDF515104}.Release|Any CPU.Build.0 = Release|Any CPU
	EndGlobalSection
	GlobalSection(SolutionProperties) = preSolution
		HideSolutionNode = FALSE
	EndGlobalSection
	GlobalSection(ExtensibilityGlobals) = postSolution
		SolutionGuid = {86C96875-F071-4C74-8621-D5B327BD2F8B}
	EndGlobalSection
EndGlobal
