
Microsoft Visual Studio Solution File, Format Version 12.00
# Visual Studio Version 17
VisualStudioVersion = 17.14.36623.8 d17.14
MinimumVisualStudioVersion = 10.0.40219.1
Project("{FAE04EC0-301F-11D3-BF4B-00C04F79EFBC}") = "3-heranca-protected", "3-heranca-protected\3-heranca-protected.csproj", "{9965E4C8-7A19-4D5D-BF62-BD1770301BB0}"
EndProject
Global
	GlobalSection(SolutionConfigurationPlatforms) = preSolution
		Debug|Any CPU = Debug|Any CPU
		Release|Any CPU = Release|Any CPU
	EndGlobalSection
	GlobalSection(ProjectConfigurationPlatforms) = postSolution
		{9965E4C8-7A19-4D5D-BF62-BD1770301BB0}.Debug|Any CPU.ActiveCfg = Debug|Any CPU
		{9965E4C8-7A19-4D5D-BF62-BD1770301BB0}.Debug|Any CPU.Build.0 = Debug|Any CPU
		{9965E4C8-7A19-4D5D-BF62-BD1770301BB0}.Release|Any CPU.ActiveCfg = Release|Any CPU
		{9965E4C8-7A19-4D5D-BF62-BD1770301BB0}.Release|Any CPU.Build.0 = Release|Any CPU
	EndGlobalSection
	GlobalSection(SolutionProperties) = preSolution
		HideSolutionNode = FALSE
	EndGlobalSection
	GlobalSection(ExtensibilityGlobals) = postSolution
		SolutionGuid = {5D656D5B-3E4B-4158-9353-49D619EA38F0}
	EndGlobalSection
EndGlobal
