
Microsoft Visual Studio Solution File, Format Version 12.00
# Visual Studio Version 17
VisualStudioVersion = 17.14.36616.10 d17.14
MinimumVisualStudioVersion = 10.0.40219.1
Project("{FAE04EC0-301F-11D3-BF4B-00C04F79EFBC}") = "18-verificador-cargo", "18-verificador-cargo\18-verificador-cargo.csproj", "{8C41FA7B-B74E-4EB5-AAF7-6C95BD7E6DAC}"
EndProject
Global
	GlobalSection(SolutionConfigurationPlatforms) = preSolution
		Debug|Any CPU = Debug|Any CPU
		Release|Any CPU = Release|Any CPU
	EndGlobalSection
	GlobalSection(ProjectConfigurationPlatforms) = postSolution
		{8C41FA7B-B74E-4EB5-AAF7-6C95BD7E6DAC}.Debug|Any CPU.ActiveCfg = Debug|Any CPU
		{8C41FA7B-B74E-4EB5-AAF7-6C95BD7E6DAC}.Debug|Any CPU.Build.0 = Debug|Any CPU
		{8C41FA7B-B74E-4EB5-AAF7-6C95BD7E6DAC}.Release|Any CPU.ActiveCfg = Release|Any CPU
		{8C41FA7B-B74E-4EB5-AAF7-6C95BD7E6DAC}.Release|Any CPU.Build.0 = Release|Any CPU
	EndGlobalSection
	GlobalSection(SolutionProperties) = preSolution
		HideSolutionNode = FALSE
	EndGlobalSection
	GlobalSection(ExtensibilityGlobals) = postSolution
		SolutionGuid = {797CEFD8-930F-468E-9CCE-A77AD97D8CD2}
	EndGlobalSection
EndGlobal
