
Microsoft Visual Studio Solution File, Format Version 12.00
# Visual Studio Version 17
VisualStudioVersion = 17.14.36623.8 d17.14
MinimumVisualStudioVersion = 10.0.40219.1
Project("{FAE04EC0-301F-11D3-BF4B-00C04F79EFBC}") = "3-serializacao-XML", "3-serializacao-XML\3-serializacao-XML.csproj", "{9396D9CF-30AF-4589-B674-317CC020C9AB}"
EndProject
Global
	GlobalSection(SolutionConfigurationPlatforms) = preSolution
		Debug|Any CPU = Debug|Any CPU
		Release|Any CPU = Release|Any CPU
	EndGlobalSection
	GlobalSection(ProjectConfigurationPlatforms) = postSolution
		{9396D9CF-30AF-4589-B674-317CC020C9AB}.Debug|Any CPU.ActiveCfg = Debug|Any CPU
		{9396D9CF-30AF-4589-B674-317CC020C9AB}.Debug|Any CPU.Build.0 = Debug|Any CPU
		{9396D9CF-30AF-4589-B674-317CC020C9AB}.Release|Any CPU.ActiveCfg = Release|Any CPU
		{9396D9CF-30AF-4589-B674-317CC020C9AB}.Release|Any CPU.Build.0 = Release|Any CPU
	EndGlobalSection
	GlobalSection(SolutionProperties) = preSolution
		HideSolutionNode = FALSE
	EndGlobalSection
	GlobalSection(ExtensibilityGlobals) = postSolution
		SolutionGuid = {CF922693-6563-4FD8-BBB6-E582AE7400FC}
	EndGlobalSection
EndGlobal
