
Microsoft Visual Studio Solution File, Format Version 12.00
# Visual Studio Version 17
VisualStudioVersion = 17.14.36705.20 d17.14
MinimumVisualStudioVersion = 10.0.40219.1
Project("{FAE04EC0-301F-11D3-BF4B-00C04F79EFBC}") = "13-indexadores", "13-indexadores\13-indexadores.csproj", "{3536FA9C-959A-43EE-A0AA-6D208C255A8A}"
EndProject
Global
	GlobalSection(SolutionConfigurationPlatforms) = preSolution
		Debug|Any CPU = Debug|Any CPU
		Release|Any CPU = Release|Any CPU
	EndGlobalSection
	GlobalSection(ProjectConfigurationPlatforms) = postSolution
		{3536FA9C-959A-43EE-A0AA-6D208C255A8A}.Debug|Any CPU.ActiveCfg = Debug|Any CPU
		{3536FA9C-959A-43EE-A0AA-6D208C255A8A}.Debug|Any CPU.Build.0 = Debug|Any CPU
		{3536FA9C-959A-43EE-A0AA-6D208C255A8A}.Release|Any CPU.ActiveCfg = Release|Any CPU
		{3536FA9C-959A-43EE-A0AA-6D208C255A8A}.Release|Any CPU.Build.0 = Release|Any CPU
	EndGlobalSection
	GlobalSection(SolutionProperties) = preSolution
		HideSolutionNode = FALSE
	EndGlobalSection
	GlobalSection(ExtensibilityGlobals) = postSolution
		SolutionGuid = {F1FFE425-AB08-4C59-9615-91D2C66FF359}
	EndGlobalSection
EndGlobal
