
Microsoft Visual Studio Solution File, Format Version 12.00
# Visual Studio Version 17
VisualStudioVersion = 17.14.36623.8 d17.14
MinimumVisualStudioVersion = 10.0.40219.1
Project("{FAE04EC0-301F-11D3-BF4B-00C04F79EFBC}") = "4-metodos-anonimos", "4-metodos-anonimos\4-metodos-anonimos.csproj", "{3A0F3A2E-3B67-4D19-A716-94994DADA605}"
EndProject
Global
	GlobalSection(SolutionConfigurationPlatforms) = preSolution
		Debug|Any CPU = Debug|Any CPU
		Release|Any CPU = Release|Any CPU
	EndGlobalSection
	GlobalSection(ProjectConfigurationPlatforms) = postSolution
		{3A0F3A2E-3B67-4D19-A716-94994DADA605}.Debug|Any CPU.ActiveCfg = Debug|Any CPU
		{3A0F3A2E-3B67-4D19-A716-94994DADA605}.Debug|Any CPU.Build.0 = Debug|Any CPU
		{3A0F3A2E-3B67-4D19-A716-94994DADA605}.Release|Any CPU.ActiveCfg = Release|Any CPU
		{3A0F3A2E-3B67-4D19-A716-94994DADA605}.Release|Any CPU.Build.0 = Release|Any CPU
	EndGlobalSection
	GlobalSection(SolutionProperties) = preSolution
		HideSolutionNode = FALSE
	EndGlobalSection
	GlobalSection(ExtensibilityGlobals) = postSolution
		SolutionGuid = {B7902FB5-4312-4116-8A2F-1AD3DF3B4538}
	EndGlobalSection
EndGlobal
