
Microsoft Visual Studio Solution File, Format Version 12.00
# Visual Studio Version 17
VisualStudioVersion = 17.14.36623.8 d17.14
MinimumVisualStudioVersion = 10.0.40219.1
Project("{FAE04EC0-301F-11D3-BF4B-00C04F79EFBC}") = "3-exception-filters", "3-exception-filters\3-exception-filters.csproj", "{7F135526-65F9-471A-9E84-158C62B5BA64}"
EndProject
Global
	GlobalSection(SolutionConfigurationPlatforms) = preSolution
		Debug|Any CPU = Debug|Any CPU
		Release|Any CPU = Release|Any CPU
	EndGlobalSection
	GlobalSection(ProjectConfigurationPlatforms) = postSolution
		{7F135526-65F9-471A-9E84-158C62B5BA64}.Debug|Any CPU.ActiveCfg = Debug|Any CPU
		{7F135526-65F9-471A-9E84-158C62B5BA64}.Debug|Any CPU.Build.0 = Debug|Any CPU
		{7F135526-65F9-471A-9E84-158C62B5BA64}.Release|Any CPU.ActiveCfg = Release|Any CPU
		{7F135526-65F9-471A-9E84-158C62B5BA64}.Release|Any CPU.Build.0 = Release|Any CPU
	EndGlobalSection
	GlobalSection(SolutionProperties) = preSolution
		HideSolutionNode = FALSE
	EndGlobalSection
	GlobalSection(ExtensibilityGlobals) = postSolution
		SolutionGuid = {CEE75E0D-142E-4713-B2D1-1AEF841B6604}
	EndGlobalSection
EndGlobal
