
Microsoft Visual Studio Solution File, Format Version 12.00
# Visual Studio Version 17
VisualStudioVersion = 17.14.36623.8 d17.14
MinimumVisualStudioVersion = 10.0.40219.1
Project("{FAE04EC0-301F-11D3-BF4B-00C04F79EFBC}") = "1-conceitos", "1-conceitos\1-conceitos.csproj", "{466F49F8-9D10-4C8D-A0F5-2F8F6E06FAB0}"
EndProject
Global
	GlobalSection(SolutionConfigurationPlatforms) = preSolution
		Debug|Any CPU = Debug|Any CPU
		Release|Any CPU = Release|Any CPU
	EndGlobalSection
	GlobalSection(ProjectConfigurationPlatforms) = postSolution
		{466F49F8-9D10-4C8D-A0F5-2F8F6E06FAB0}.Debug|Any CPU.ActiveCfg = Debug|Any CPU
		{466F49F8-9D10-4C8D-A0F5-2F8F6E06FAB0}.Debug|Any CPU.Build.0 = Debug|Any CPU
		{466F49F8-9D10-4C8D-A0F5-2F8F6E06FAB0}.Release|Any CPU.ActiveCfg = Release|Any CPU
		{466F49F8-9D10-4C8D-A0F5-2F8F6E06FAB0}.Release|Any CPU.Build.0 = Release|Any CPU
	EndGlobalSection
	GlobalSection(SolutionProperties) = preSolution
		HideSolutionNode = FALSE
	EndGlobalSection
	GlobalSection(ExtensibilityGlobals) = postSolution
		SolutionGuid = {3E25AC16-BA58-4D60-91E4-9C8321122129}
	EndGlobalSection
EndGlobal
